
Microsoft Visual Studio Solution File, Format Version 12.00
# Visual Studio Version 17
VisualStudioVersion = 17.11.35222.181
MinimumVisualStudioVersion = 10.0.40219.1
Project("{9A19103F-16F7-4668-BE54-9A1E7A4F7556}") = "PlayMusic", "PlayMusic\PlayMusic.csproj", "{DD68CE6D-5637-40C9-8705-906F5F6DA0C1}"
EndProject
Global
	GlobalSection(SolutionConfigurationPlatforms) = preSolution
		Debug|Any CPU = Debug|Any CPU
		Release|Any CPU = Release|Any CPU
	EndGlobalSection
	GlobalSection(ProjectConfigurationPlatforms) = postSolution
		{DD68CE6D-5637-40C9-8705-906F5F6DA0C1}.Debug|Any CPU.ActiveCfg = Debug|Any CPU
		{DD68CE6D-5637-40C9-8705-906F5F6DA0C1}.Debug|Any CPU.Build.0 = Debug|Any CPU
		{DD68CE6D-5637-40C9-8705-906F5F6DA0C1}.Release|Any CPU.ActiveCfg = Release|Any CPU
		{DD68CE6D-5637-40C9-8705-906F5F6DA0C1}.Release|Any CPU.Build.0 = Release|Any CPU
	EndGlobalSection
	GlobalSection(SolutionProperties) = preSolution
		HideSolutionNode = FALSE
	EndGlobalSection
	GlobalSection(ExtensibilityGlobals) = postSolution
		SolutionGuid = {7261357F-E38C-4810-9E0B-7ABAD269E6CC}
	EndGlobalSection
EndGlobal
